
Microsoft Visual Studio Solution File, Format Version 12.00
# Visual Studio 15
Project("{FAE04EC0-301F-11D3-BF4B-00C04F79EFBC}") = "Assembly-CSharp", "Assembly-CSharp.csproj", "{A7E8006F-D46D-3341-7F6A-81590AE1BEC6}"
EndProject
Global
	GlobalSection(SolutionConfigurationPlatforms) = preSolution
		Debug|Any CPU = Debug|Any CPU
		Release|Any CPU = Release|Any CPU
	EndGlobalSection
	GlobalSection(ProjectConfigurationPlatforms) = postSolution
		{A7E8006F-D46D-3341-7F6A-81590AE1BEC6}.Debug|Any CPU.ActiveCfg = Debug|Any CPU
		{A7E8006F-D46D-3341-7F6A-81590AE1BEC6}.Debug|Any CPU.Build.0 = Debug|Any CPU
		{A7E8006F-D46D-3341-7F6A-81590AE1BEC6}.Release|Any CPU.ActiveCfg = Release|Any CPU
		{A7E8006F-D46D-3341-7F6A-81590AE1BEC6}.Release|Any CPU.Build.0 = Release|Any CPU
	EndGlobalSection
	GlobalSection(SolutionProperties) = preSolution
		HideSolutionNode = FALSE
	EndGlobalSection
EndGlobal
